{
  "nodes": {
    "brew-src": {
      "flake": false,
      "locked": {
        "lastModified": 1789661079,
        "narHash": "sha256-geVTQ51PGZ1mLULM5k7wO7qt/6xenOR/YG8X7Q3eCaI=",
        "owner": "Homebrew",
        "repo": "brew",
        "rev": "edb70f031e4170c780799633a1226ff73e1077f4",
        "type": "github"
      },
      "original": {
        "owner": "Homebrew",
        "ref": "7.0.4",
        "repo": "brew",
        "type": "github"
      }
    },
    "home-manager": {
      "inputs": {
        "nixpkgs": [
          "nixpkgs"
        ]
      },
      "locked": {
        "lastModified": 1791227480,
        "narHash": "sha256-+lrD+sxc2RKUWXRBAcggn7uBCFeJgnV75jD/cz7gJRA=",
        "owner": "nix-community",
        "repo": "home-manager",
        "rev": "aa23f720d022187228bc264f759aef6b80233bcf",
        "type": "github"
      },
      "original": {
        "owner": "nix-community",
        "ref": "master",
        "repo": "home-manager",
        "type": "github"
      }
    },
    "homebrew-ariga": {
      "flake": false,
      "locked": {
        "lastModified": 1768233158,
        "narHash": "sha256-uxciUWBtqzMmzKiY6Vw8b2/N8yFSMxee6/yt6J1WdCc=",
        "owner": "ariga",
        "repo": "homebrew-tap",
        "rev": "b9434f0f13e4177ad7d0306da3cf368b174f40b6",
        "type": "github"
      },
      "original": {
        "owner": "ariga",
        "repo": "homebrew-tap",
        "type": "github"
      }
    },
    "homebrew-boredteam": {
      "flake": false,
      "locked": {
        "lastModified": 1790329758,
        "narHash": "sha256-K4sNTMAqkz6m+wg9/NeWJwz/NPWqdTdats/6YtyDEGI=",
        "owner": "TheBoredTeam",
        "repo": "homebrew-boring-notch",
        "rev": "9d87cc331146181f1ebe896ae39b6dff4277c599",
        "type": "github"
      },
      "original": {
        "owner": "TheBoredTeam",
        "repo": "homebrew-boring-notch",
        "type": "github"
      }
    },
    "homebrew-cask": {
      "flake": false,
      "locked": {
        "lastModified": 1791236047,
        "narHash": "sha256-djXlRgZw8reGfhkmU+fpzon0vWdWJ3ghyMljZVVMcpU=",
        "owner": "homebrew",
        "repo": "homebrew-cask",
        "rev": "20dffecaa3aa5d82081e227b59b6e7e32913833e",
        "type": "github"
      },
      "original": {
        "owner": "homebrew",
        "repo": "homebrew-cask",
        "type": "github"
      }
    },
    "homebrew-cloudflare": {
      "flake": false,
      "locked": {
        "lastModified": 1790539056,
        "narHash": "sha256-PWonUXmI73WuYhQOAqGyyQkp+mynz98Ti+F6mrtEhKI=",
        "owner": "cloudflare",
        "repo": "homebrew-cloudflare",
        "rev": "7bbb7288ded01fd26a2b178b34fa63d82b03b24f",
        "type": "github"
      },
      "original": {
        "owner": "cloudflare",
        "repo": "homebrew-cloudflare",
        "type": "github"
      }
    },
    "homebrew-core": {
      "flake": false,
      "locked": {
        "lastModified": 1791236075,
        "narHash": "sha256-bI7gM5C4/1Mfs1atRMOuZxB8r8EQLTgFc/ciEUKcQF0=",
        "owner": "homebrew",
        "repo": "homebrew-core",
        "rev": "0ad98974433671f35527e9ea6346fc6e6f982085",
        "type": "github"
      },
      "original": {
        "owner": "homebrew",
        "repo": "homebrew-core",
        "type": "github"
      }
    },
    "homebrew-fluxcd": {
      "flake": false,
      "locked": {
        "lastModified": 1790848610,
        "narHash": "sha256-ZNQBca7d8+A9bSqc1n8YQAdMlgu5U4DM9mRQf47m+Uc=",
        "owner": "fluxcd",
        "repo": "homebrew-tap",
        "rev": "1ba24b629cb260745105e9faa22621238b31e9c6",
        "type": "github"
      },
      "original": {
        "owner": "fluxcd",
        "repo": "homebrew-tap",
        "type": "github"
      }
    },
    "homebrew-peonping": {
      "flake": false,
      "locked": {
        "lastModified": 1787784603,
        "narHash": "sha256-diU5NEoajqlCdlaYmak/GBlRncgAvfUz7Fwb+CME+/s=",
        "owner": "PeonPing",
        "repo": "homebrew-tap",
        "rev": "9e6a23f9a5904243853bc459e0afc282a28830ea",
        "type": "github"
      },
      "original": {
        "owner": "PeonPing",
        "repo": "homebrew-tap",
        "type": "github"
      }
    },
    "homebrew-tfversion": {
      "flake": false,
      "locked": {
        "lastModified": 1724965607,
        "narHash": "sha256-4INvSj7nE0K2VGCP1Mn45JMiPuvXJo0ScJUdhhn8NWg=",
        "owner": "tfversion",
        "repo": "homebrew-tap",
        "rev": "518d72ff57340ad0a88324f2afd8acaba3acc8bc",
        "type": "github"
      },
      "original": {
        "owner": "tfversion",
        "repo": "homebrew-tap",
        "type": "github"
      }
    },
    "nix-darwin": {
      "inputs": {
        "nixpkgs": [
          "nixpkgs"
        ]
      },
      "locked": {
        "lastModified": 1786845137,
        "narHash": "sha256-oQFip+v0luP8NIxJzmiW4Wu8bILsbFWom5l0zonl8hQ=",
        "owner": "nix-darwin",
        "repo": "nix-darwin",
        "rev": "4cff07de74b50e64bdd68cd4e722ab5b6b35ee48",
        "type": "github"
      },
      "original": {
        "owner": "nix-darwin",
        "ref": "master",
        "repo": "nix-darwin",
        "type": "github"
      }
    },
    "nix-homebrew": {
      "inputs": {
        "brew-src": [
          "brew-src"
        ]
      },
      "locked": {
        "lastModified": 1789928041,
        "narHash": "sha256-iV37ieTcE4ZLOYEe0VznW6dWMBe4lEL8AbK1vblyZGM=",
        "owner": "zhaofengli",
        "repo": "nix-homebrew",
        "rev": "c11cccfdd36dd69b5323d70d354b2853379c2426",
        "type": "github"
      },
      "original": {
        "owner": "zhaofengli",
        "repo": "nix-homebrew",
        "type": "github"
      }
    },
    "nixpkgs": {
      "locked": {
        "lastModified": 1791191277,
        "narHash": "sha256-i8KuaINOYLvB2oQikGvtRmdZRxATRxsI9Yad2pp7dEA=",
        "owner": "NixOS",
        "repo": "nixpkgs",
        "rev": "aa48d347080940b8a2b8d2f48228674e280a3514",
        "type": "github"
      },
      "original": {
        "owner": "NixOS",
        "ref": "nixpkgs-unstable",
        "repo": "nixpkgs",
        "type": "github"
      }
    },
    "root": {
      "inputs": {
        "brew-src": "brew-src",
        "home-manager": "home-manager",
        "homebrew-ariga": "homebrew-ariga",
        "homebrew-boredteam": "homebrew-boredteam",
        "homebrew-cask": "homebrew-cask",
        "homebrew-cloudflare": "homebrew-cloudflare",
        "homebrew-core": "homebrew-core",
        "homebrew-fluxcd": "homebrew-fluxcd",
        "homebrew-peonping": "homebrew-peonping",
        "homebrew-tfversion": "homebrew-tfversion",
        "nix-darwin": "nix-darwin",
        "nix-homebrew": "nix-homebrew",
        "nixpkgs": "nixpkgs"
      }
    }
  },
  "root": "root",
  "version": 7
}
