{
  "nodes": {
    "brew-src": {
      "flake": false,
      "locked": {
        "lastModified": 1776478798,
        "narHash": "sha256-ERStG27tf83VbCfYMxtDSs+sa8FUMJ/3jSu/QfX9rKE=",
        "owner": "Homebrew",
        "repo": "brew",
        "rev": "3aae056b8d072624255bc8fd27febb7f327b2265",
        "type": "github"
      },
      "original": {
        "owner": "Homebrew",
        "ref": "5.1.7",
        "repo": "brew",
        "type": "github"
      }
    },
    "home-manager": {
      "inputs": {
        "nixpkgs": [
          "nixpkgs"
        ]
      },
      "locked": {
        "lastModified": 1777733408,
        "narHash": "sha256-lyKV2GtkMPS1Mp8bKJ8sBr7LPCzL4GnVnQQYa4e7UsQ=",
        "owner": "nix-community",
        "repo": "home-manager",
        "rev": "9ce9f7f128c5834bb71a4f5c62232187371379b6",
        "type": "github"
      },
      "original": {
        "owner": "nix-community",
        "ref": "master",
        "repo": "home-manager",
        "type": "github"
      }
    },
    "homebrew-boredteam": {
      "flake": false,
      "locked": {
        "lastModified": 1773964932,
        "narHash": "sha256-Q4VYyM2NGDaqo/DMaeiCH/u7VSQHalV32wlklKzYDAM=",
        "owner": "TheBoredTeam",
        "repo": "homebrew-boring-notch",
        "rev": "f6fe997e0b14ff8a31eba724cc32e6cb7b2bf54b",
        "type": "github"
      },
      "original": {
        "owner": "TheBoredTeam",
        "repo": "homebrew-boring-notch",
        "type": "github"
      }
    },
    "homebrew-cask": {
      "flake": false,
      "locked": {
        "lastModified": 1777739361,
        "narHash": "sha256-wfzIF/RVTQZylMyLo1iBrlGdWRVwdRoZZCeiQW3TzR0=",
        "owner": "homebrew",
        "repo": "homebrew-cask",
        "rev": "8f736eba67bc959fd52ce53cc8e005d1cbc3826c",
        "type": "github"
      },
      "original": {
        "owner": "homebrew",
        "repo": "homebrew-cask",
        "type": "github"
      }
    },
    "homebrew-core": {
      "flake": false,
      "locked": {
        "lastModified": 1777736898,
        "narHash": "sha256-J0H8JHYMbD/23gbQlUmzCJ24p1DFbk7S8iFvyGwwPvw=",
        "owner": "homebrew",
        "repo": "homebrew-core",
        "rev": "60fd33c8b6bcb76248cb4e8f3cdde93d6ba8ce75",
        "type": "github"
      },
      "original": {
        "owner": "homebrew",
        "repo": "homebrew-core",
        "type": "github"
      }
    },
    "homebrew-peonping": {
      "flake": false,
      "locked": {
        "lastModified": 1777640643,
        "narHash": "sha256-M/lWUx8sYoF7I6bVRo3KPJR8dS+oeX4oKmM0zwayU7g=",
        "owner": "PeonPing",
        "repo": "homebrew-tap",
        "rev": "f1f117d875b5661facf8ceef393c01f9481ef516",
        "type": "github"
      },
      "original": {
        "owner": "PeonPing",
        "repo": "homebrew-tap",
        "type": "github"
      }
    },
    "homebrew-tfversion": {
      "flake": false,
      "locked": {
        "lastModified": 1724965607,
        "narHash": "sha256-4INvSj7nE0K2VGCP1Mn45JMiPuvXJo0ScJUdhhn8NWg=",
        "owner": "tfversion",
        "repo": "homebrew-tap",
        "rev": "518d72ff57340ad0a88324f2afd8acaba3acc8bc",
        "type": "github"
      },
      "original": {
        "owner": "tfversion",
        "repo": "homebrew-tap",
        "type": "github"
      }
    },
    "nix-darwin": {
      "inputs": {
        "nixpkgs": [
          "nixpkgs"
        ]
      },
      "locked": {
        "lastModified": 1775037210,
        "narHash": "sha256-KM2WYj6EA7M/FVZVCl3rqWY+TFV5QzSyyGE2gQxeODU=",
        "owner": "nix-darwin",
        "repo": "nix-darwin",
        "rev": "06648f4902343228ce2de79f291dd5a58ee12146",
        "type": "github"
      },
      "original": {
        "owner": "nix-darwin",
        "ref": "master",
        "repo": "nix-darwin",
        "type": "github"
      }
    },
    "nix-homebrew": {
      "inputs": {
        "brew-src": "brew-src"
      },
      "locked": {
        "lastModified": 1777250621,
        "narHash": "sha256-WynkkG0hdZ5niYPJUbVg7oMfu8MVwGGzKZ6lKmfa+O8=",
        "owner": "zhaofengli",
        "repo": "nix-homebrew",
        "rev": "aeb2069920742d0d6570089e8b3b8620050bacf2",
        "type": "github"
      },
      "original": {
        "owner": "zhaofengli",
        "repo": "nix-homebrew",
        "type": "github"
      }
    },
    "nixpkgs": {
      "locked": {
        "lastModified": 1777641297,
        "narHash": "sha256-WNGcmeOZ8Tr9dq6ztCspYbzWFswr2mPebM9LpsfGxPk=",
        "owner": "NixOS",
        "repo": "nixpkgs",
        "rev": "c6d65881c5624c9cae5ea6cedef24699b0c0a4c0",
        "type": "github"
      },
      "original": {
        "owner": "NixOS",
        "ref": "nixpkgs-unstable",
        "repo": "nixpkgs",
        "type": "github"
      }
    },
    "root": {
      "inputs": {
        "home-manager": "home-manager",
        "homebrew-boredteam": "homebrew-boredteam",
        "homebrew-cask": "homebrew-cask",
        "homebrew-core": "homebrew-core",
        "homebrew-peonping": "homebrew-peonping",
        "homebrew-tfversion": "homebrew-tfversion",
        "nix-darwin": "nix-darwin",
        "nix-homebrew": "nix-homebrew",
        "nixpkgs": "nixpkgs"
      }
    }
  },
  "root": "root",
  "version": 7
}
