{
  "nodes": {
    "brew-src": {
      "flake": false,
      "locked": {
        "lastModified": 1781226006,
        "narHash": "sha256-w4ZTuOnhYiDxjaynrMTASzp802QblBWmo3wpB8wVN4Y=",
        "owner": "Homebrew",
        "repo": "brew",
        "rev": "109191be4988470b51a60a5ef1998520aa24c01b",
        "type": "github"
      },
      "original": {
        "owner": "Homebrew",
        "ref": "6.0.1",
        "repo": "brew",
        "type": "github"
      }
    },
    "home-manager": {
      "inputs": {
        "nixpkgs": [
          "nixpkgs"
        ]
      },
      "locked": {
        "lastModified": 1781667738,
        "narHash": "sha256-OxrwHpsWf+QGbos1LMDGAcv7sjBGshcw/43th6waeYI=",
        "owner": "nix-community",
        "repo": "home-manager",
        "rev": "7664e05e2413d5e2b8c54a884eb8ea0f8a504fc2",
        "type": "github"
      },
      "original": {
        "owner": "nix-community",
        "ref": "master",
        "repo": "home-manager",
        "type": "github"
      }
    },
    "homebrew-ariga": {
      "flake": false,
      "locked": {
        "lastModified": 1768233158,
        "narHash": "sha256-uxciUWBtqzMmzKiY6Vw8b2/N8yFSMxee6/yt6J1WdCc=",
        "owner": "ariga",
        "repo": "homebrew-tap",
        "rev": "b9434f0f13e4177ad7d0306da3cf368b174f40b6",
        "type": "github"
      },
      "original": {
        "owner": "ariga",
        "repo": "homebrew-tap",
        "type": "github"
      }
    },
    "homebrew-boredteam": {
      "flake": false,
      "locked": {
        "lastModified": 1773964932,
        "narHash": "sha256-Q4VYyM2NGDaqo/DMaeiCH/u7VSQHalV32wlklKzYDAM=",
        "owner": "TheBoredTeam",
        "repo": "homebrew-boring-notch",
        "rev": "f6fe997e0b14ff8a31eba724cc32e6cb7b2bf54b",
        "type": "github"
      },
      "original": {
        "owner": "TheBoredTeam",
        "repo": "homebrew-boring-notch",
        "type": "github"
      }
    },
    "homebrew-cask": {
      "flake": false,
      "locked": {
        "lastModified": 1781704560,
        "narHash": "sha256-ZBr8T42E8WjCsX2nUh0SKyj1NoLzCB8pLsw9tfpGJgk=",
        "owner": "homebrew",
        "repo": "homebrew-cask",
        "rev": "77753a6cd20712a06411bce072b76e400ebf2cf1",
        "type": "github"
      },
      "original": {
        "owner": "homebrew",
        "repo": "homebrew-cask",
        "type": "github"
      }
    },
    "homebrew-core": {
      "flake": false,
      "locked": {
        "lastModified": 1781705141,
        "narHash": "sha256-j4+aVwtkDN98FTQRn3ZkmFmSRMuFpCDWO9ZPWFKmZj0=",
        "owner": "homebrew",
        "repo": "homebrew-core",
        "rev": "c20885991b2ef2b56b7a129f3011a6e0e6ea823f",
        "type": "github"
      },
      "original": {
        "owner": "homebrew",
        "repo": "homebrew-core",
        "type": "github"
      }
    },
    "homebrew-peonping": {
      "flake": false,
      "locked": {
        "lastModified": 1780931938,
        "narHash": "sha256-Tncax2lfI7lsi5mz6y03jv8cDyBou/6PHgGz+MD4zuc=",
        "owner": "PeonPing",
        "repo": "homebrew-tap",
        "rev": "03ff3e0b615bbc519e9854be0f2aa24f65ecd895",
        "type": "github"
      },
      "original": {
        "owner": "PeonPing",
        "repo": "homebrew-tap",
        "type": "github"
      }
    },
    "homebrew-tfversion": {
      "flake": false,
      "locked": {
        "lastModified": 1724965607,
        "narHash": "sha256-4INvSj7nE0K2VGCP1Mn45JMiPuvXJo0ScJUdhhn8NWg=",
        "owner": "tfversion",
        "repo": "homebrew-tap",
        "rev": "518d72ff57340ad0a88324f2afd8acaba3acc8bc",
        "type": "github"
      },
      "original": {
        "owner": "tfversion",
        "repo": "homebrew-tap",
        "type": "github"
      }
    },
    "nix-darwin": {
      "inputs": {
        "nixpkgs": [
          "nixpkgs"
        ]
      },
      "locked": {
        "lastModified": 1781242433,
        "narHash": "sha256-bchLZZ3sRn740zyvD2icZSnNoTaanN0nw7l6fjVXO+E=",
        "owner": "nix-darwin",
        "repo": "nix-darwin",
        "rev": "aabb2037edfc0f210723b72cd5f528aab5dd3f0b",
        "type": "github"
      },
      "original": {
        "owner": "nix-darwin",
        "ref": "master",
        "repo": "nix-darwin",
        "type": "github"
      }
    },
    "nix-homebrew": {
      "inputs": {
        "brew-src": "brew-src"
      },
      "locked": {
        "lastModified": 1781389246,
        "narHash": "sha256-ORqLAo/hoJdsZC7UPAuEHev6S0+XIqKEC7vjo5prz1k=",
        "owner": "zhaofengli",
        "repo": "nix-homebrew",
        "rev": "de7953a08ed4bb9245be043e468561c17b89130d",
        "type": "github"
      },
      "original": {
        "owner": "zhaofengli",
        "repo": "nix-homebrew",
        "type": "github"
      }
    },
    "nixpkgs": {
      "locked": {
        "lastModified": 1781607440,
        "narHash": "sha256-rxO+uc/KFbSJp+pgyXRuAX6QlG9hJdnt0BXpEQRXY+U=",
        "owner": "NixOS",
        "repo": "nixpkgs",
        "rev": "3e41b24abd260e8f71dbe2f5737d24122f972158",
        "type": "github"
      },
      "original": {
        "owner": "NixOS",
        "ref": "nixpkgs-unstable",
        "repo": "nixpkgs",
        "type": "github"
      }
    },
    "root": {
      "inputs": {
        "home-manager": "home-manager",
        "homebrew-ariga": "homebrew-ariga",
        "homebrew-boredteam": "homebrew-boredteam",
        "homebrew-cask": "homebrew-cask",
        "homebrew-core": "homebrew-core",
        "homebrew-peonping": "homebrew-peonping",
        "homebrew-tfversion": "homebrew-tfversion",
        "nix-darwin": "nix-darwin",
        "nix-homebrew": "nix-homebrew",
        "nixpkgs": "nixpkgs"
      }
    }
  },
  "root": "root",
  "version": 7
}
